
Microsoft Visual Studio Solution File, Format Version 12.00
# Visual Studio Version 17
VisualStudioVersion = 17.8.34408.163
MinimumVisualStudioVersion = 10.0.40219.1
Project("{9A19103F-16F7-4668-BE54-9A1E7A4F7556}") = "ShapesTask", "ShapesTask\ShapesTask.csproj", "{488DE5F5-445B-496A-8032-62C2C26FEC16}"
EndProject
Project("{9A19103F-16F7-4668-BE54-9A1E7A4F7556}") = "VectorTask", "VectorTask\VectorTask.csproj", "{DD4C0FD0-1D67-461F-94E1-3DDB0DFBE4A6}"
EndProject
Project("{9A19103F-16F7-4668-BE54-9A1E7A4F7556}") = "MatrixTask", "MatrixTask\MatrixTask.csproj", "{8243E5F6-24A8-4F46-AE89-326C3B6C6A09}"
EndProject
Project("{9A19103F-16F7-4668-BE54-9A1E7A4F7556}") = "RangeTask", "RangeTask\RangeTask.csproj", "{398311BC-C081-49ED-A38F-833A37488F24}"
EndProject
Project("{9A19103F-16F7-4668-BE54-9A1E7A4F7556}") = "CsvTask", "CsvTask\CsvTask.csproj", "{2B6EBAA1-4B81-4AF6-A76D-DC2626B571EC}"
EndProject
Project("{FAE04EC0-301F-11D3-BF4B-00C04F79EFBC}") = "ListTask", "ListTask\ListTask.csproj", "{665C158E-86DB-4F3C-9F24-04E62EA152F7}"
EndProject
Project("{FAE04EC0-301F-11D3-BF4B-00C04F79EFBC}") = "ArrayListTask", "ArrayListTask\ArrayListTask.csproj", "{4DFFAFEA-EDCF-496D-A3E8-E789D8833F65}"
EndProject
Project("{FAE04EC0-301F-11D3-BF4B-00C04F79EFBC}") = "HashTableTask", "HashTableTask\HashTableTask.csproj", "{108DBB07-4E63-4DF5-9F89-9910271A201D}"
EndProject
Project("{FAE04EC0-301F-11D3-BF4B-00C04F79EFBC}") = "TreeTask", "TreeTask\TreeTask.csproj", "{602047F4-5B3F-41DD-A7AF-01B3ABD62E8A}"
EndProject
Project("{FAE04EC0-301F-11D3-BF4B-00C04F79EFBC}") = "GraphTask", "GraphTask\GraphTask.csproj", "{875EB6E1-F914-423E-A267-94C00531AB19}"
EndProject
Project("{FAE04EC0-301F-11D3-BF4B-00C04F79EFBC}") = "TrashCan", "TrashCan\TrashCan.csproj", "{A7995917-BEA0-467C-80B2-48400D10EC8C}"
EndProject
Global
	GlobalSection(SolutionConfigurationPlatforms) = preSolution
		Debug|Any CPU = Debug|Any CPU
		Release|Any CPU = Release|Any CPU
	EndGlobalSection
	GlobalSection(ProjectConfigurationPlatforms) = postSolution
		{488DE5F5-445B-496A-8032-62C2C26FEC16}.Debug|Any CPU.ActiveCfg = Debug|Any CPU
		{488DE5F5-445B-496A-8032-62C2C26FEC16}.Debug|Any CPU.Build.0 = Debug|Any CPU
		{488DE5F5-445B-496A-8032-62C2C26FEC16}.Release|Any CPU.ActiveCfg = Release|Any CPU
		{488DE5F5-445B-496A-8032-62C2C26FEC16}.Release|Any CPU.Build.0 = Release|Any CPU
		{DD4C0FD0-1D67-461F-94E1-3DDB0DFBE4A6}.Debug|Any CPU.ActiveCfg = Debug|Any CPU
		{DD4C0FD0-1D67-461F-94E1-3DDB0DFBE4A6}.Debug|Any CPU.Build.0 = Debug|Any CPU
		{DD4C0FD0-1D67-461F-94E1-3DDB0DFBE4A6}.Release|Any CPU.ActiveCfg = Release|Any CPU
		{DD4C0FD0-1D67-461F-94E1-3DDB0DFBE4A6}.Release|Any CPU.Build.0 = Release|Any CPU
		{8243E5F6-24A8-4F46-AE89-326C3B6C6A09}.Debug|Any CPU.ActiveCfg = Debug|Any CPU
		{8243E5F6-24A8-4F46-AE89-326C3B6C6A09}.Debug|Any CPU.Build.0 = Debug|Any CPU
		{8243E5F6-24A8-4F46-AE89-326C3B6C6A09}.Release|Any CPU.ActiveCfg = Release|Any CPU
		{8243E5F6-24A8-4F46-AE89-326C3B6C6A09}.Release|Any CPU.Build.0 = Release|Any CPU
		{398311BC-C081-49ED-A38F-833A37488F24}.Debug|Any CPU.ActiveCfg = Debug|Any CPU
		{398311BC-C081-49ED-A38F-833A37488F24}.Debug|Any CPU.Build.0 = Debug|Any CPU
		{398311BC-C081-49ED-A38F-833A37488F24}.Release|Any CPU.ActiveCfg = Release|Any CPU
		{398311BC-C081-49ED-A38F-833A37488F24}.Release|Any CPU.Build.0 = Release|Any CPU
		{2B6EBAA1-4B81-4AF6-A76D-DC2626B571EC}.Debug|Any CPU.ActiveCfg = Debug|Any CPU
		{2B6EBAA1-4B81-4AF6-A76D-DC2626B571EC}.Debug|Any CPU.Build.0 = Debug|Any CPU
		{2B6EBAA1-4B81-4AF6-A76D-DC2626B571EC}.Release|Any CPU.ActiveCfg = Release|Any CPU
		{2B6EBAA1-4B81-4AF6-A76D-DC2626B571EC}.Release|Any CPU.Build.0 = Release|Any CPU
		{665C158E-86DB-4F3C-9F24-04E62EA152F7}.Debug|Any CPU.ActiveCfg = Debug|Any CPU
		{665C158E-86DB-4F3C-9F24-04E62EA152F7}.Debug|Any CPU.Build.0 = Debug|Any CPU
		{665C158E-86DB-4F3C-9F24-04E62EA152F7}.Release|Any CPU.ActiveCfg = Release|Any CPU
		{665C158E-86DB-4F3C-9F24-04E62EA152F7}.Release|Any CPU.Build.0 = Release|Any CPU
		{4DFFAFEA-EDCF-496D-A3E8-E789D8833F65}.Debug|Any CPU.ActiveCfg = Debug|Any CPU
		{4DFFAFEA-EDCF-496D-A3E8-E789D8833F65}.Debug|Any CPU.Build.0 = Debug|Any CPU
		{4DFFAFEA-EDCF-496D-A3E8-E789D8833F65}.Release|Any CPU.ActiveCfg = Release|Any CPU
		{4DFFAFEA-EDCF-496D-A3E8-E789D8833F65}.Release|Any CPU.Build.0 = Release|Any CPU
		{108DBB07-4E63-4DF5-9F89-9910271A201D}.Debug|Any CPU.ActiveCfg = Debug|Any CPU
		{108DBB07-4E63-4DF5-9F89-9910271A201D}.Debug|Any CPU.Build.0 = Debug|Any CPU
		{108DBB07-4E63-4DF5-9F89-9910271A201D}.Release|Any CPU.ActiveCfg = Release|Any CPU
		{108DBB07-4E63-4DF5-9F89-9910271A201D}.Release|Any CPU.Build.0 = Release|Any CPU
		{602047F4-5B3F-41DD-A7AF-01B3ABD62E8A}.Debug|Any CPU.ActiveCfg = Debug|Any CPU
		{602047F4-5B3F-41DD-A7AF-01B3ABD62E8A}.Debug|Any CPU.Build.0 = Debug|Any CPU
		{602047F4-5B3F-41DD-A7AF-01B3ABD62E8A}.Release|Any CPU.ActiveCfg = Release|Any CPU
		{602047F4-5B3F-41DD-A7AF-01B3ABD62E8A}.Release|Any CPU.Build.0 = Release|Any CPU
		{875EB6E1-F914-423E-A267-94C00531AB19}.Debug|Any CPU.ActiveCfg = Debug|Any CPU
		{875EB6E1-F914-423E-A267-94C00531AB19}.Debug|Any CPU.Build.0 = Debug|Any CPU
		{875EB6E1-F914-423E-A267-94C00531AB19}.Release|Any CPU.ActiveCfg = Release|Any CPU
		{875EB6E1-F914-423E-A267-94C00531AB19}.Release|Any CPU.Build.0 = Release|Any CPU
		{A7995917-BEA0-467C-80B2-48400D10EC8C}.Debug|Any CPU.ActiveCfg = Debug|Any CPU
		{A7995917-BEA0-467C-80B2-48400D10EC8C}.Debug|Any CPU.Build.0 = Debug|Any CPU
		{A7995917-BEA0-467C-80B2-48400D10EC8C}.Release|Any CPU.ActiveCfg = Release|Any CPU
		{A7995917-BEA0-467C-80B2-48400D10EC8C}.Release|Any CPU.Build.0 = Release|Any CPU
	EndGlobalSection
	GlobalSection(SolutionProperties) = preSolution
		HideSolutionNode = FALSE
	EndGlobalSection
	GlobalSection(ExtensibilityGlobals) = postSolution
		SolutionGuid = {9E467D0E-D4C5-4A57-9B2A-F8C583B10247}
	EndGlobalSection
EndGlobal
